<?xml version="1.0" encoding="UTF-8" standalone="yes" ?>
<CodeBlocks_project_file>
	<FileVersion major="1" minor="6" />
	<Project>
		<Option title="mash_the_news" />
		<Option makefile_is_custom="1" />
		<Option pch_mode="2" />
		<Option compiler="gcc" />
		<Option virtualFolders="addons/;src/;addons/ofxKinect/src/;addons/ofxOpenCv/src/;addons/ofxOsc/src/;build config/;" />
		<Build>
			<Target title="Debug">
				<Option output="bin/$(PROJECT_NAME)_debug" prefix_auto="1" extension_auto="1" />
				<Option working_dir="bin" />
				<Option object_output="obj/Debug/" />
				<Option external_deps="../../../libs/openFrameworksCompiled/lib/linux/libopenFrameworksDebug.a;" />
				<Option type="1" />
				<Option compiler="gcc" />
				<Option projectLinkerOptionsRelation="2" />
			</Target>
			<Target title="Release">
				<Option output="bin/$(PROJECT_NAME)" prefix_auto="1" extension_auto="1" />
				<Option working_dir="bin" />
				<Option object_output="obj/Release/" />
				<Option external_deps="../../../libs/openFrameworksCompiled/lib/linux/libopenFrameworks.a;" />
				<Option type="1" />
				<Option compiler="gcc" />
				<Option projectLinkerOptionsRelation="2" />
			</Target>
		</Build>
		<Unit filename="../../../addons/ofxBox2d/src/.svn/all-wcprops" />
		<Unit filename="../../../addons/ofxBox2d/src/.svn/entries" />
		<Unit filename="../../../addons/ofxBox2d/src/.svn/text-base/ofxBox2d.cpp.svn-base" />
		<Unit filename="../../../addons/ofxBox2d/src/.svn/text-base/ofxBox2d.h.svn-base" />
		<Unit filename="../../../addons/ofxBox2d/src/.svn/text-base/ofxBox2dBaseShape.h.svn-base" />
		<Unit filename="../../../addons/ofxBox2d/src/.svn/text-base/ofxBox2dCircle.h.svn-base" />
		<Unit filename="../../../addons/ofxBox2d/src/.svn/text-base/ofxBox2dContactListener.h.svn-base" />
		<Unit filename="../../../addons/ofxBox2d/src/.svn/text-base/ofxBox2dJoint.h.svn-base" />
		<Unit filename="../../../addons/ofxBox2d/src/.svn/text-base/ofxBox2dLine.h.svn-base" />
		<Unit filename="../../../addons/ofxBox2d/src/.svn/text-base/ofxBox2dPolygon.h.svn-base" />
		<Unit filename="../../../addons/ofxBox2d/src/.svn/text-base/ofxBox2dRect.h.svn-base" />
		<Unit filename="../../../addons/ofxBox2d/src/.svn/text-base/ofxBox2dRender.h.svn-base" />
		<Unit filename="../../../addons/ofxBox2d/src/.svn/text-base/ofxBox2dSoftBody.h.svn-base" />
		<Unit filename="../../../addons/ofxBox2d/src/.svn/text-base/ofxBox2dUtils.h.svn-base" />
		<Unit filename="../../../addons/ofxBox2d/src/lib/.svn/all-wcprops" />
		<Unit filename="../../../addons/ofxBox2d/src/lib/.svn/entries" />
		<Unit filename="../../../addons/ofxBox2d/src/lib/Box2D/.svn/all-wcprops" />
		<Unit filename="../../../addons/ofxBox2d/src/lib/Box2D/.svn/entries" />
		<Unit filename="../../../addons/ofxBox2d/src/lib/Box2D/Include/.svn/all-wcprops" />
		<Unit filename="../../../addons/ofxBox2d/src/lib/Box2D/Include/.svn/entries" />
		<Unit filename="../../../addons/ofxBox2d/src/lib/Box2D/Include/.svn/text-base/Box2D.h.svn-base" />
		<Unit filename="../../../addons/ofxBox2d/src/lib/Box2D/Include/Box2D.h" />
		<Unit filename="../../../addons/ofxBox2d/src/lib/Box2D/Source/.svn/all-wcprops" />
		<Unit filename="../../../addons/ofxBox2d/src/lib/Box2D/Source/.svn/entries" />
		<Unit filename="../../../addons/ofxBox2d/src/lib/Box2D/Source/Collision/.svn/all-wcprops" />
		<Unit filename="../../../addons/ofxBox2d/src/lib/Box2D/Source/Collision/.svn/entries" />
		<Unit filename="../../../addons/ofxBox2d/src/lib/Box2D/Source/Collision/.svn/text-base/b2BroadPhase.cpp.svn-base" />
		<Unit filename="../../../addons/ofxBox2d/src/lib/Box2D/Source/Collision/.svn/text-base/b2BroadPhase.h.svn-base" />
		<Unit filename="../../../addons/ofxBox2d/src/lib/Box2D/Source/Collision/.svn/text-base/b2CollideCircle.cpp.svn-base" />
		<Unit filename="../../../addons/ofxBox2d/src/lib/Box2D/Source/Collision/.svn/text-base/b2CollidePoly.cpp.svn-base" />
		<Unit filename="../../../addons/ofxBox2d/src/lib/Box2D/Source/Collision/.svn/text-base/b2Collision.cpp.svn-base" />
		<Unit filename="../../../addons/ofxBox2d/src/lib/Box2D/Source/Collision/.svn/text-base/b2Collision.h.svn-base" />
		<Unit filename="../../../addons/ofxBox2d/src/lib/Box2D/Source/Collision/.svn/text-base/b2Distance.cpp.svn-base" />
		<Unit filename="../../../addons/ofxBox2d/src/lib/Box2D/Source/Collision/.svn/text-base/b2PairManager.cpp.svn-base" />
		<Unit filename="../../../addons/ofxBox2d/src/lib/Box2D/Source/Collision/.svn/text-base/b2PairManager.h.svn-base" />
		<Unit filename="../../../addons/ofxBox2d/src/lib/Box2D/Source/Collision/.svn/text-base/b2TimeOfImpact.cpp.svn-base" />
		<Unit filename="../../../addons/ofxBox2d/src/lib/Box2D/Source/Collision/Shapes/.svn/all-wcprops" />
		<Unit filename="../../../addons/ofxBox2d/src/lib/Box2D/Source/Collision/Shapes/.svn/entries" />
		<Unit filename="../../../addons/ofxBox2d/src/lib/Box2D/Source/Collision/Shapes/.svn/text-base/b2CircleShape.cpp.svn-base" />
		<Unit filename="../../../addons/ofxBox2d/src/lib/Box2D/Source/Collision/Shapes/.svn/text-base/b2CircleShape.h.svn-base" />
		<Unit filename="../../../addons/ofxBox2d/src/lib/Box2D/Source/Collision/Shapes/.svn/text-base/b2EdgeShape.cpp.svn-base" />
		<Unit filename="../../../addons/ofxBox2d/src/lib/Box2D/Source/Collision/Shapes/.svn/text-base/b2EdgeShape.h.svn-base" />
		<Unit filename="../../../addons/ofxBox2d/src/lib/Box2D/Source/Collision/Shapes/.svn/text-base/b2PolygonShape.cpp.svn-base" />
		<Unit filename="../../../addons/ofxBox2d/src/lib/Box2D/Source/Collision/Shapes/.svn/text-base/b2PolygonShape.h.svn-base" />
		<Unit filename="../../../addons/ofxBox2d/src/lib/Box2D/Source/Collision/Shapes/.svn/text-base/b2Shape.cpp.svn-base" />
		<Unit filename="../../../addons/ofxBox2d/src/lib/Box2D/Source/Collision/Shapes/.svn/text-base/b2Shape.h.svn-base" />
		<Unit filename="../../../addons/ofxBox2d/src/lib/Box2D/Source/Collision/Shapes/b2CircleShape.cpp" />
		<Unit filename="../../../addons/ofxBox2d/src/lib/Box2D/Source/Collision/Shapes/b2CircleShape.h" />
		<Unit filename="../../../addons/ofxBox2d/src/lib/Box2D/Source/Collision/Shapes/b2EdgeShape.cpp" />
		<Unit filename="../../../addons/ofxBox2d/src/lib/Box2D/Source/Collision/Shapes/b2EdgeShape.h" />
		<Unit filename="../../../addons/ofxBox2d/src/lib/Box2D/Source/Collision/Shapes/b2PolygonShape.cpp" />
		<Unit filename="../../../addons/ofxBox2d/src/lib/Box2D/Source/Collision/Shapes/b2PolygonShape.h" />
		<Unit filename="../../../addons/ofxBox2d/src/lib/Box2D/Source/Collision/Shapes/b2Shape.cpp" />
		<Unit filename="../../../addons/ofxBox2d/src/lib/Box2D/Source/Collision/Shapes/b2Shape.h" />
		<Unit filename="../../../addons/ofxBox2d/src/lib/Box2D/Source/Collision/b2BroadPhase.cpp" />
		<Unit filename="../../../addons/ofxBox2d/src/lib/Box2D/Source/Collision/b2BroadPhase.h" />
		<Unit filename="../../../addons/ofxBox2d/src/lib/Box2D/Source/Collision/b2CollideCircle.cpp" />
		<Unit filename="../../../addons/ofxBox2d/src/lib/Box2D/Source/Collision/b2CollidePoly.cpp" />
		<Unit filename="../../../addons/ofxBox2d/src/lib/Box2D/Source/Collision/b2Collision.cpp" />
		<Unit filename="../../../addons/ofxBox2d/src/lib/Box2D/Source/Collision/b2Collision.h" />
		<Unit filename="../../../addons/ofxBox2d/src/lib/Box2D/Source/Collision/b2Distance.cpp" />
		<Unit filename="../../../addons/ofxBox2d/src/lib/Box2D/Source/Collision/b2PairManager.cpp" />
		<Unit filename="../../../addons/ofxBox2d/src/lib/Box2D/Source/Collision/b2PairManager.h" />
		<Unit filename="../../../addons/ofxBox2d/src/lib/Box2D/Source/Collision/b2TimeOfImpact.cpp" />
		<Unit filename="../../../addons/ofxBox2d/src/lib/Box2D/Source/Common/.svn/all-wcprops" />
		<Unit filename="../../../addons/ofxBox2d/src/lib/Box2D/Source/Common/.svn/entries" />
		<Unit filename="../../../addons/ofxBox2d/src/lib/Box2D/Source/Common/.svn/text-base/Fixed.h.svn-base" />
		<Unit filename="../../../addons/ofxBox2d/src/lib/Box2D/Source/Common/.svn/text-base/b2BlockAllocator.cpp.svn-base" />
		<Unit filename="../../../addons/ofxBox2d/src/lib/Box2D/Source/Common/.svn/text-base/b2BlockAllocator.h.svn-base" />
		<Unit filename="../../../addons/ofxBox2d/src/lib/Box2D/Source/Common/.svn/text-base/b2Math.cpp.svn-base" />
		<Unit filename="../../../addons/ofxBox2d/src/lib/Box2D/Source/Common/.svn/text-base/b2Math.h.svn-base" />
		<Unit filename="../../../addons/ofxBox2d/src/lib/Box2D/Source/Common/.svn/text-base/b2Settings.cpp.svn-base" />
		<Unit filename="../../../addons/ofxBox2d/src/lib/Box2D/Source/Common/.svn/text-base/b2Settings.h.svn-base" />
		<Unit filename="../../../addons/ofxBox2d/src/lib/Box2D/Source/Common/.svn/text-base/b2StackAllocator.cpp.svn-base" />
		<Unit filename="../../../addons/ofxBox2d/src/lib/Box2D/Source/Common/.svn/text-base/b2StackAllocator.h.svn-base" />
		<Unit filename="../../../addons/ofxBox2d/src/lib/Box2D/Source/Common/.svn/text-base/jtypes.h.svn-base" />
		<Unit filename="../../../addons/ofxBox2d/src/lib/Box2D/Source/Common/Fixed.h" />
		<Unit filename="../../../addons/ofxBox2d/src/lib/Box2D/Source/Common/b2BlockAllocator.cpp" />
		<Unit filename="../../../addons/ofxBox2d/src/lib/Box2D/Source/Common/b2BlockAllocator.h" />
		<Unit filename="../../../addons/ofxBox2d/src/lib/Box2D/Source/Common/b2Math.cpp" />
		<Unit filename="../../../addons/ofxBox2d/src/lib/Box2D/Source/Common/b2Math.h" />
		<Unit filename="../../../addons/ofxBox2d/src/lib/Box2D/Source/Common/b2Settings.cpp" />
		<Unit filename="../../../addons/ofxBox2d/src/lib/Box2D/Source/Common/b2Settings.h" />
		<Unit filename="../../../addons/ofxBox2d/src/lib/Box2D/Source/Common/b2StackAllocator.cpp" />
		<Unit filename="../../../addons/ofxBox2d/src/lib/Box2D/Source/Common/b2StackAllocator.h" />
		<Unit filename="../../../addons/ofxBox2d/src/lib/Box2D/Source/Common/jtypes.h" />
		<Unit filename="../../../addons/ofxBox2d/src/lib/Box2D/Source/Dynamics/.svn/all-wcprops" />
		<Unit filename="../../../addons/ofxBox2d/src/lib/Box2D/Source/Dynamics/.svn/entries" />
		<Unit filename="../../../addons/ofxBox2d/src/lib/Box2D/Source/Dynamics/.svn/text-base/b2Body.cpp.svn-base" />
		<Unit filename="../../../addons/ofxBox2d/src/lib/Box2D/Source/Dynamics/.svn/text-base/b2Body.h.svn-base" />
		<Unit filename="../../../addons/ofxBox2d/src/lib/Box2D/Source/Dynamics/.svn/text-base/b2ContactManager.cpp.svn-base" />
		<Unit filename="../../../addons/ofxBox2d/src/lib/Box2D/Source/Dynamics/.svn/text-base/b2ContactManager.h.svn-base" />
		<Unit filename="../../../addons/ofxBox2d/src/lib/Box2D/Source/Dynamics/.svn/text-base/b2Island.cpp.svn-base" />
		<Unit filename="../../../addons/ofxBox2d/src/lib/Box2D/Source/Dynamics/.svn/text-base/b2Island.h.svn-base" />
		<Unit filename="../../../addons/ofxBox2d/src/lib/Box2D/Source/Dynamics/.svn/text-base/b2World.cpp.svn-base" />
		<Unit filename="../../../addons/ofxBox2d/src/lib/Box2D/Source/Dynamics/.svn/text-base/b2World.h.svn-base" />
		<Unit filename="../../../addons/ofxBox2d/src/lib/Box2D/Source/Dynamics/.svn/text-base/b2WorldCallbacks.cpp.svn-base" />
		<Unit filename="../../../addons/ofxBox2d/src/lib/Box2D/Source/Dynamics/.svn/text-base/b2WorldCallbacks.h.svn-base" />
		<Unit filename="../../../addons/ofxBox2d/src/lib/Box2D/Source/Dynamics/Contacts/.svn/all-wcprops" />
		<Unit filename="../../../addons/ofxBox2d/src/lib/Box2D/Source/Dynamics/Contacts/.svn/entries" />
		<Unit filename="../../../addons/ofxBox2d/src/lib/Box2D/Source/Dynamics/Contacts/.svn/text-base/b2CircleContact.cpp.svn-base" />
		<Unit filename="../../../addons/ofxBox2d/src/lib/Box2D/Source/Dynamics/Contacts/.svn/text-base/b2CircleContact.h.svn-base" />
		<Unit filename="../../../addons/ofxBox2d/src/lib/Box2D/Source/Dynamics/Contacts/.svn/text-base/b2Contact.cpp.svn-base" />
		<Unit filename="../../../addons/ofxBox2d/src/lib/Box2D/Source/Dynamics/Contacts/.svn/text-base/b2Contact.h.svn-base" />
		<Unit filename="../../../addons/ofxBox2d/src/lib/Box2D/Source/Dynamics/Contacts/.svn/text-base/b2ContactSolver.cpp.svn-base" />
		<Unit filename="../../../addons/ofxBox2d/src/lib/Box2D/Source/Dynamics/Contacts/.svn/text-base/b2ContactSolver.h.svn-base" />
		<Unit filename="../../../addons/ofxBox2d/src/lib/Box2D/Source/Dynamics/Contacts/.svn/text-base/b2EdgeAndCircleContact.cpp.svn-base" />
		<Unit filename="../../../addons/ofxBox2d/src/lib/Box2D/Source/Dynamics/Contacts/.svn/text-base/b2EdgeAndCircleContact.h.svn-base" />
		<Unit filename="../../../addons/ofxBox2d/src/lib/Box2D/Source/Dynamics/Contacts/.svn/text-base/b2NullContact.h.svn-base" />
		<Unit filename="../../../addons/ofxBox2d/src/lib/Box2D/Source/Dynamics/Contacts/.svn/text-base/b2PolyAndCircleContact.cpp.svn-base" />
		<Unit filename="../../../addons/ofxBox2d/src/lib/Box2D/Source/Dynamics/Contacts/.svn/text-base/b2PolyAndCircleContact.h.svn-base" />
		<Unit filename="../../../addons/ofxBox2d/src/lib/Box2D/Source/Dynamics/Contacts/.svn/text-base/b2PolyAndEdgeContact.cpp.svn-base" />
		<Unit filename="../../../addons/ofxBox2d/src/lib/Box2D/Source/Dynamics/Contacts/.svn/text-base/b2PolyAndEdgeContact.h.svn-base" />
		<Unit filename="../../../addons/ofxBox2d/src/lib/Box2D/Source/Dynamics/Contacts/.svn/text-base/b2PolyContact.cpp.svn-base" />
		<Unit filename="../../../addons/ofxBox2d/src/lib/Box2D/Source/Dynamics/Contacts/.svn/text-base/b2PolyContact.h.svn-base" />
		<Unit filename="../../../addons/ofxBox2d/src/lib/Box2D/Source/Dynamics/Contacts/b2CircleContact.cpp" />
		<Unit filename="../../../addons/ofxBox2d/src/lib/Box2D/Source/Dynamics/Contacts/b2CircleContact.h" />
		<Unit filename="../../../addons/ofxBox2d/src/lib/Box2D/Source/Dynamics/Contacts/b2Contact.cpp" />
		<Unit filename="../../../addons/ofxBox2d/src/lib/Box2D/Source/Dynamics/Contacts/b2Contact.h" />
		<Unit filename="../../../addons/ofxBox2d/src/lib/Box2D/Source/Dynamics/Contacts/b2ContactSolver.cpp" />
		<Unit filename="../../../addons/ofxBox2d/src/lib/Box2D/Source/Dynamics/Contacts/b2ContactSolver.h" />
		<Unit filename="../../../addons/ofxBox2d/src/lib/Box2D/Source/Dynamics/Contacts/b2EdgeAndCircleContact.cpp" />
		<Unit filename="../../../addons/ofxBox2d/src/lib/Box2D/Source/Dynamics/Contacts/b2EdgeAndCircleContact.h" />
		<Unit filename="../../../addons/ofxBox2d/src/lib/Box2D/Source/Dynamics/Contacts/b2NullContact.h" />
		<Unit filename="../../../addons/ofxBox2d/src/lib/Box2D/Source/Dynamics/Contacts/b2PolyAndCircleContact.cpp" />
		<Unit filename="../../../addons/ofxBox2d/src/lib/Box2D/Source/Dynamics/Contacts/b2PolyAndCircleContact.h" />
		<Unit filename="../../../addons/ofxBox2d/src/lib/Box2D/Source/Dynamics/Contacts/b2PolyAndEdgeContact.cpp" />
		<Unit filename="../../../addons/ofxBox2d/src/lib/Box2D/Source/Dynamics/Contacts/b2PolyAndEdgeContact.h" />
		<Unit filename="../../../addons/ofxBox2d/src/lib/Box2D/Source/Dynamics/Contacts/b2PolyContact.cpp" />
		<Unit filename="../../../addons/ofxBox2d/src/lib/Box2D/Source/Dynamics/Contacts/b2PolyContact.h" />
		<Unit filename="../../../addons/ofxBox2d/src/lib/Box2D/Source/Dynamics/Controllers/.svn/all-wcprops" />
		<Unit filename="../../../addons/ofxBox2d/src/lib/Box2D/Source/Dynamics/Controllers/.svn/entries" />
		<Unit filename="../../../addons/ofxBox2d/src/lib/Box2D/Source/Dynamics/Controllers/.svn/text-base/b2BuoyancyController.cpp.svn-base" />
		<Unit filename="../../../addons/ofxBox2d/src/lib/Box2D/Source/Dynamics/Controllers/.svn/text-base/b2BuoyancyController.h.svn-base" />
		<Unit filename="../../../addons/ofxBox2d/src/lib/Box2D/Source/Dynamics/Controllers/.svn/text-base/b2ConstantAccelController.cpp.svn-base" />
		<Unit filename="../../../addons/ofxBox2d/src/lib/Box2D/Source/Dynamics/Controllers/.svn/text-base/b2ConstantAccelController.h.svn-base" />
		<Unit filename="../../../addons/ofxBox2d/src/lib/Box2D/Source/Dynamics/Controllers/.svn/text-base/b2ConstantForceController.cpp.svn-base" />
		<Unit filename="../../../addons/ofxBox2d/src/lib/Box2D/Source/Dynamics/Controllers/.svn/text-base/b2ConstantForceController.h.svn-base" />
		<Unit filename="../../../addons/ofxBox2d/src/lib/Box2D/Source/Dynamics/Controllers/.svn/text-base/b2Controller.cpp.svn-base" />
		<Unit filename="../../../addons/ofxBox2d/src/lib/Box2D/Source/Dynamics/Controllers/.svn/text-base/b2Controller.h.svn-base" />
		<Unit filename="../../../addons/ofxBox2d/src/lib/Box2D/Source/Dynamics/Controllers/.svn/text-base/b2GravityController.cpp.svn-base" />
		<Unit filename="../../../addons/ofxBox2d/src/lib/Box2D/Source/Dynamics/Controllers/.svn/text-base/b2GravityController.h.svn-base" />
		<Unit filename="../../../addons/ofxBox2d/src/lib/Box2D/Source/Dynamics/Controllers/.svn/text-base/b2TensorDampingController.cpp.svn-base" />
		<Unit filename="../../../addons/ofxBox2d/src/lib/Box2D/Source/Dynamics/Controllers/.svn/text-base/b2TensorDampingController.h.svn-base" />
		<Unit filename="../../../addons/ofxBox2d/src/lib/Box2D/Source/Dynamics/Controllers/b2BuoyancyController.cpp" />
		<Unit filename="../../../addons/ofxBox2d/src/lib/Box2D/Source/Dynamics/Controllers/b2BuoyancyController.h" />
		<Unit filename="../../../addons/ofxBox2d/src/lib/Box2D/Source/Dynamics/Controllers/b2ConstantAccelController.cpp" />
		<Unit filename="../../../addons/ofxBox2d/src/lib/Box2D/Source/Dynamics/Controllers/b2ConstantAccelController.h" />
		<Unit filename="../../../addons/ofxBox2d/src/lib/Box2D/Source/Dynamics/Controllers/b2ConstantForceController.cpp" />
		<Unit filename="../../../addons/ofxBox2d/src/lib/Box2D/Source/Dynamics/Controllers/b2ConstantForceController.h" />
		<Unit filename="../../../addons/ofxBox2d/src/lib/Box2D/Source/Dynamics/Controllers/b2Controller.cpp" />
		<Unit filename="../../../addons/ofxBox2d/src/lib/Box2D/Source/Dynamics/Controllers/b2Controller.h" />
		<Unit filename="../../../addons/ofxBox2d/src/lib/Box2D/Source/Dynamics/Controllers/b2GravityController.cpp" />
		<Unit filename="../../../addons/ofxBox2d/src/lib/Box2D/Source/Dynamics/Controllers/b2GravityController.h" />
		<Unit filename="../../../addons/ofxBox2d/src/lib/Box2D/Source/Dynamics/Controllers/b2TensorDampingController.cpp" />
		<Unit filename="../../../addons/ofxBox2d/src/lib/Box2D/Source/Dynamics/Controllers/b2TensorDampingController.h" />
		<Unit filename="../../../addons/ofxBox2d/src/lib/Box2D/Source/Dynamics/Joints/.svn/all-wcprops" />
		<Unit filename="../../../addons/ofxBox2d/src/lib/Box2D/Source/Dynamics/Joints/.svn/entries" />
		<Unit filename="../../../addons/ofxBox2d/src/lib/Box2D/Source/Dynamics/Joints/.svn/text-base/b2DistanceJoint.cpp.svn-base" />
		<Unit filename="../../../addons/ofxBox2d/src/lib/Box2D/Source/Dynamics/Joints/.svn/text-base/b2DistanceJoint.h.svn-base" />
		<Unit filename="../../../addons/ofxBox2d/src/lib/Box2D/Source/Dynamics/Joints/.svn/text-base/b2GearJoint.cpp.svn-base" />
		<Unit filename="../../../addons/ofxBox2d/src/lib/Box2D/Source/Dynamics/Joints/.svn/text-base/b2GearJoint.h.svn-base" />
		<Unit filename="../../../addons/ofxBox2d/src/lib/Box2D/Source/Dynamics/Joints/.svn/text-base/b2Joint.cpp.svn-base" />
		<Unit filename="../../../addons/ofxBox2d/src/lib/Box2D/Source/Dynamics/Joints/.svn/text-base/b2Joint.h.svn-base" />
		<Unit filename="../../../addons/ofxBox2d/src/lib/Box2D/Source/Dynamics/Joints/.svn/text-base/b2LineJoint.cpp.svn-base" />
		<Unit filename="../../../addons/ofxBox2d/src/lib/Box2D/Source/Dynamics/Joints/.svn/text-base/b2LineJoint.h.svn-base" />
		<Unit filename="../../../addons/ofxBox2d/src/lib/Box2D/Source/Dynamics/Joints/.svn/text-base/b2MouseJoint.cpp.svn-base" />
		<Unit filename="../../../addons/ofxBox2d/src/lib/Box2D/Source/Dynamics/Joints/.svn/text-base/b2MouseJoint.h.svn-base" />
		<Unit filename="../../../addons/ofxBox2d/src/lib/Box2D/Source/Dynamics/Joints/.svn/text-base/b2PrismaticJoint.cpp.svn-base" />
		<Unit filename="../../../addons/ofxBox2d/src/lib/Box2D/Source/Dynamics/Joints/.svn/text-base/b2PrismaticJoint.h.svn-base" />
		<Unit filename="../../../addons/ofxBox2d/src/lib/Box2D/Source/Dynamics/Joints/.svn/text-base/b2PulleyJoint.cpp.svn-base" />
		<Unit filename="../../../addons/ofxBox2d/src/lib/Box2D/Source/Dynamics/Joints/.svn/text-base/b2PulleyJoint.h.svn-base" />
		<Unit filename="../../../addons/ofxBox2d/src/lib/Box2D/Source/Dynamics/Joints/.svn/text-base/b2RevoluteJoint.cpp.svn-base" />
		<Unit filename="../../../addons/ofxBox2d/src/lib/Box2D/Source/Dynamics/Joints/.svn/text-base/b2RevoluteJoint.h.svn-base" />
		<Unit filename="../../../addons/ofxBox2d/src/lib/Box2D/Source/Dynamics/Joints/b2DistanceJoint.cpp" />
		<Unit filename="../../../addons/ofxBox2d/src/lib/Box2D/Source/Dynamics/Joints/b2DistanceJoint.h" />
		<Unit filename="../../../addons/ofxBox2d/src/lib/Box2D/Source/Dynamics/Joints/b2GearJoint.cpp" />
		<Unit filename="../../../addons/ofxBox2d/src/lib/Box2D/Source/Dynamics/Joints/b2GearJoint.h" />
		<Unit filename="../../../addons/ofxBox2d/src/lib/Box2D/Source/Dynamics/Joints/b2Joint.cpp" />
		<Unit filename="../../../addons/ofxBox2d/src/lib/Box2D/Source/Dynamics/Joints/b2Joint.h" />
		<Unit filename="../../../addons/ofxBox2d/src/lib/Box2D/Source/Dynamics/Joints/b2LineJoint.cpp" />
		<Unit filename="../../../addons/ofxBox2d/src/lib/Box2D/Source/Dynamics/Joints/b2LineJoint.h" />
		<Unit filename="../../../addons/ofxBox2d/src/lib/Box2D/Source/Dynamics/Joints/b2MouseJoint.cpp" />
		<Unit filename="../../../addons/ofxBox2d/src/lib/Box2D/Source/Dynamics/Joints/b2MouseJoint.h" />
		<Unit filename="../../../addons/ofxBox2d/src/lib/Box2D/Source/Dynamics/Joints/b2PrismaticJoint.cpp" />
		<Unit filename="../../../addons/ofxBox2d/src/lib/Box2D/Source/Dynamics/Joints/b2PrismaticJoint.h" />
		<Unit filename="../../../addons/ofxBox2d/src/lib/Box2D/Source/Dynamics/Joints/b2PulleyJoint.cpp" />
		<Unit filename="../../../addons/ofxBox2d/src/lib/Box2D/Source/Dynamics/Joints/b2PulleyJoint.h" />
		<Unit filename="../../../addons/ofxBox2d/src/lib/Box2D/Source/Dynamics/Joints/b2RevoluteJoint.cpp" />
		<Unit filename="../../../addons/ofxBox2d/src/lib/Box2D/Source/Dynamics/Joints/b2RevoluteJoint.h" />
		<Unit filename="../../../addons/ofxBox2d/src/lib/Box2D/Source/Dynamics/b2Body.cpp" />
		<Unit filename="../../../addons/ofxBox2d/src/lib/Box2D/Source/Dynamics/b2Body.h" />
		<Unit filename="../../../addons/ofxBox2d/src/lib/Box2D/Source/Dynamics/b2ContactManager.cpp" />
		<Unit filename="../../../addons/ofxBox2d/src/lib/Box2D/Source/Dynamics/b2ContactManager.h" />
		<Unit filename="../../../addons/ofxBox2d/src/lib/Box2D/Source/Dynamics/b2Island.cpp" />
		<Unit filename="../../../addons/ofxBox2d/src/lib/Box2D/Source/Dynamics/b2Island.h" />
		<Unit filename="../../../addons/ofxBox2d/src/lib/Box2D/Source/Dynamics/b2World.cpp" />
		<Unit filename="../../../addons/ofxBox2d/src/lib/Box2D/Source/Dynamics/b2World.h" />
		<Unit filename="../../../addons/ofxBox2d/src/lib/Box2D/Source/Dynamics/b2WorldCallbacks.cpp" />
		<Unit filename="../../../addons/ofxBox2d/src/lib/Box2D/Source/Dynamics/b2WorldCallbacks.h" />
		<Unit filename="../../../addons/ofxBox2d/src/ofxBox2d.cpp" />
		<Unit filename="../../../addons/ofxBox2d/src/ofxBox2d.h" />
		<Unit filename="../../../addons/ofxBox2d/src/ofxBox2dBaseShape.h" />
		<Unit filename="../../../addons/ofxBox2d/src/ofxBox2dCircle.h" />
		<Unit filename="../../../addons/ofxBox2d/src/ofxBox2dContactListener.h" />
		<Unit filename="../../../addons/ofxBox2d/src/ofxBox2dJoint.h" />
		<Unit filename="../../../addons/ofxBox2d/src/ofxBox2dLine.h" />
		<Unit filename="../../../addons/ofxBox2d/src/ofxBox2dPolygon.h" />
		<Unit filename="../../../addons/ofxBox2d/src/ofxBox2dRect.h" />
		<Unit filename="../../../addons/ofxBox2d/src/ofxBox2dRender.h" />
		<Unit filename="../../../addons/ofxBox2d/src/ofxBox2dSoftBody.h" />
		<Unit filename="../../../addons/ofxBox2d/src/ofxBox2dUtils.h" />
		<Unit filename="../../../addons/ofxKinect/src/ofxBase3DVideo.h">
			<Option virtualFolder="addons/ofxKinect/src" />
		</Unit>
		<Unit filename="../../../addons/ofxKinect/src/ofxKinect.cpp">
			<Option virtualFolder="addons/ofxKinect/src" />
		</Unit>
		<Unit filename="../../../addons/ofxKinect/src/ofxKinect.h">
			<Option virtualFolder="addons/ofxKinect/src" />
		</Unit>
		<Unit filename="../../../addons/ofxKinect/src/ofxKinectCalibration.cpp">
			<Option virtualFolder="addons/ofxKinect/src" />
		</Unit>
		<Unit filename="../../../addons/ofxKinect/src/ofxKinectCalibration.h">
			<Option virtualFolder="addons/ofxKinect/src" />
		</Unit>
		<Unit filename="../../../addons/ofxKinect/src/ofxKinectPlayer.cpp">
			<Option virtualFolder="addons/ofxKinect/src" />
		</Unit>
		<Unit filename="../../../addons/ofxKinect/src/ofxKinectPlayer.h">
			<Option virtualFolder="addons/ofxKinect/src" />
		</Unit>
		<Unit filename="../../../addons/ofxKinect/src/ofxKinectRecorder.cpp">
			<Option virtualFolder="addons/ofxKinect/src" />
		</Unit>
		<Unit filename="../../../addons/ofxKinect/src/ofxKinectRecorder.h">
			<Option virtualFolder="addons/ofxKinect/src" />
		</Unit>
		<Unit filename="../../../addons/ofxOpenCv/src/ofxCvBlob.h">
			<Option virtualFolder="addons/ofxOpenCv/src" />
		</Unit>
		<Unit filename="../../../addons/ofxOpenCv/src/ofxCvColorImage.cpp">
			<Option virtualFolder="addons/ofxOpenCv/src" />
		</Unit>
		<Unit filename="../../../addons/ofxOpenCv/src/ofxCvColorImage.h">
			<Option virtualFolder="addons/ofxOpenCv/src" />
		</Unit>
		<Unit filename="../../../addons/ofxOpenCv/src/ofxCvConstants.h">
			<Option virtualFolder="addons/ofxOpenCv/src" />
		</Unit>
		<Unit filename="../../../addons/ofxOpenCv/src/ofxCvContourFinder.cpp">
			<Option virtualFolder="addons/ofxOpenCv/src" />
		</Unit>
		<Unit filename="../../../addons/ofxOpenCv/src/ofxCvContourFinder.h">
			<Option virtualFolder="addons/ofxOpenCv/src" />
		</Unit>
		<Unit filename="../../../addons/ofxOpenCv/src/ofxCvFloatImage.cpp">
			<Option virtualFolder="addons/ofxOpenCv/src" />
		</Unit>
		<Unit filename="../../../addons/ofxOpenCv/src/ofxCvFloatImage.h">
			<Option virtualFolder="addons/ofxOpenCv/src" />
		</Unit>
		<Unit filename="../../../addons/ofxOpenCv/src/ofxCvGrayscaleImage.cpp">
			<Option virtualFolder="addons/ofxOpenCv/src" />
		</Unit>
		<Unit filename="../../../addons/ofxOpenCv/src/ofxCvGrayscaleImage.h">
			<Option virtualFolder="addons/ofxOpenCv/src" />
		</Unit>
		<Unit filename="../../../addons/ofxOpenCv/src/ofxCvHaarFinder.cpp">
			<Option virtualFolder="addons/ofxOpenCv/src" />
		</Unit>
		<Unit filename="../../../addons/ofxOpenCv/src/ofxCvHaarFinder.h">
			<Option virtualFolder="addons/ofxOpenCv/src" />
		</Unit>
		<Unit filename="../../../addons/ofxOpenCv/src/ofxCvImage.cpp">
			<Option virtualFolder="addons/ofxOpenCv/src" />
		</Unit>
		<Unit filename="../../../addons/ofxOpenCv/src/ofxCvImage.h">
			<Option virtualFolder="addons/ofxOpenCv/src" />
		</Unit>
		<Unit filename="../../../addons/ofxOpenCv/src/ofxCvMain.h">
			<Option virtualFolder="addons/ofxOpenCv/src" />
		</Unit>
		<Unit filename="../../../addons/ofxOpenCv/src/ofxCvShortImage.cpp">
			<Option virtualFolder="addons/ofxOpenCv/src" />
		</Unit>
		<Unit filename="../../../addons/ofxOpenCv/src/ofxCvShortImage.h">
			<Option virtualFolder="addons/ofxOpenCv/src" />
		</Unit>
		<Unit filename="../../../addons/ofxOpenCv/src/ofxOpenCv.h">
			<Option virtualFolder="addons/ofxOpenCv/src" />
		</Unit>
		<Unit filename="../../../addons/ofxOsc/src/ofxOsc.h">
			<Option virtualFolder="addons/ofxOsc/src" />
		</Unit>
		<Unit filename="../../../addons/ofxOsc/src/ofxOscArg.h">
			<Option virtualFolder="addons/ofxOsc/src" />
		</Unit>
		<Unit filename="../../../addons/ofxOsc/src/ofxOscBundle.cpp">
			<Option virtualFolder="addons/ofxOsc/src" />
		</Unit>
		<Unit filename="../../../addons/ofxOsc/src/ofxOscBundle.h">
			<Option virtualFolder="addons/ofxOsc/src" />
		</Unit>
		<Unit filename="../../../addons/ofxOsc/src/ofxOscMessage.cpp">
			<Option virtualFolder="addons/ofxOsc/src" />
		</Unit>
		<Unit filename="../../../addons/ofxOsc/src/ofxOscMessage.h">
			<Option virtualFolder="addons/ofxOsc/src" />
		</Unit>
		<Unit filename="../../../addons/ofxOsc/src/ofxOscReceiver.cpp">
			<Option virtualFolder="addons/ofxOsc/src" />
		</Unit>
		<Unit filename="../../../addons/ofxOsc/src/ofxOscReceiver.h">
			<Option virtualFolder="addons/ofxOsc/src" />
		</Unit>
		<Unit filename="../../../addons/ofxOsc/src/ofxOscSender.cpp">
			<Option virtualFolder="addons/ofxOsc/src" />
		</Unit>
		<Unit filename="../../../addons/ofxOsc/src/ofxOscSender.h">
			<Option virtualFolder="addons/ofxOsc/src" />
		</Unit>
		<Unit filename="config.make">
			<Option virtualFolder="build config" />
		</Unit>
		<Unit filename="src/AsciiBackground.cpp">
			<Option virtualFolder="src" />
		</Unit>
		<Unit filename="src/AsciiBackground.h">
			<Option virtualFolder="src" />
		</Unit>
		<Unit filename="src/CameraMaskViewer.cpp">
			<Option virtualFolder="src/" />
		</Unit>
		<Unit filename="src/CameraMaskViewer.h">
			<Option virtualFolder="src/" />
		</Unit>
		<Unit filename="src/DataHub.h">
			<Option virtualFolder="src" />
		</Unit>
		<Unit filename="src/Flow.cpp">
			<Option virtualFolder="src/" />
		</Unit>
		<Unit filename="src/Flow.h">
			<Option virtualFolder="src/" />
		</Unit>
		<Unit filename="src/Letter.cpp">
			<Option virtualFolder="src" />
		</Unit>
		<Unit filename="src/Letter.h">
			<Option virtualFolder="src" />
		</Unit>
		<Unit filename="src/LetterBuffer.cpp" />
		<Unit filename="src/LetterBuffer.h" />
		<Unit filename="src/MashScreen.cpp">
			<Option virtualFolder="src" />
		</Unit>
		<Unit filename="src/MashScreen.h">
			<Option virtualFolder="src" />
		</Unit>
		<Unit filename="src/Message.cpp">
			<Option virtualFolder="src/" />
		</Unit>
		<Unit filename="src/Message.h">
			<Option virtualFolder="src/" />
		</Unit>
		<Unit filename="src/OscTunnel.cpp">
			<Option virtualFolder="src" />
		</Unit>
		<Unit filename="src/OscTunnel.h">
			<Option virtualFolder="src/" />
		</Unit>
		<Unit filename="src/Word.cpp">
			<Option virtualFolder="src/" />
		</Unit>
		<Unit filename="src/Word.h">
			<Option virtualFolder="src/" />
		</Unit>
		<Unit filename="src/main.cpp">
			<Option virtualFolder="src/" />
		</Unit>
		<Unit filename="src/settings.h">
			<Option virtualFolder="src/" />
		</Unit>
		<Unit filename="src/testApp.cpp">
			<Option virtualFolder="src/" />
		</Unit>
		<Unit filename="src/testApp.h">
			<Option virtualFolder="src/" />
		</Unit>
		<Extensions>
			<code_completion />
			<envvars />
			<debugger />
		</Extensions>
	</Project>
</CodeBlocks_project_file>
